
Microsoft Visual Studio Solution File, Format Version 12.00
# Visual Studio Version 17
VisualStudioVersion = 17.12.35527.113 d17.12
MinimumVisualStudioVersion = 10.0.40219.1
Project("{FAE04EC0-301F-11D3-BF4B-00C04F79EFBC}") = "Server", "Server.csproj", "{C340E7FA-0417-40A8-A046-655E8D825969}"
EndProject
Project("{FAE04EC0-301F-11D3-BF4B-00C04F79EFBC}") = "Common", "..\Common\Common.csproj", "{CEDB90B9-07C8-4377-B25D-775B576C48EA}"
EndProject
Project("{FAE04EC0-301F-11D3-BF4B-00C04F79EFBC}") = "FTPClient", "..\FTPClient\FTPClient.csproj", "{2179277E-B881-4CF1-814B-3A9C3497FD8D}"
EndProject
Global
	GlobalSection(SolutionConfigurationPlatforms) = preSolution
		Debug|Any CPU = Debug|Any CPU
		Release|Any CPU = Release|Any CPU
	EndGlobalSection
	GlobalSection(ProjectConfigurationPlatforms) = postSolution
		{C340E7FA-0417-40A8-A046-655E8D825969}.Debug|Any CPU.ActiveCfg = Debug|Any CPU
		{C340E7FA-0417-40A8-A046-655E8D825969}.Debug|Any CPU.Build.0 = Debug|Any CPU
		{C340E7FA-0417-40A8-A046-655E8D825969}.Release|Any CPU.ActiveCfg = Release|Any CPU
		{C340E7FA-0417-40A8-A046-655E8D825969}.Release|Any CPU.Build.0 = Release|Any CPU
		{CEDB90B9-07C8-4377-B25D-775B576C48EA}.Debug|Any CPU.ActiveCfg = Debug|Any CPU
		{CEDB90B9-07C8-4377-B25D-775B576C48EA}.Debug|Any CPU.Build.0 = Debug|Any CPU
		{CEDB90B9-07C8-4377-B25D-775B576C48EA}.Release|Any CPU.ActiveCfg = Release|Any CPU
		{CEDB90B9-07C8-4377-B25D-775B576C48EA}.Release|Any CPU.Build.0 = Release|Any CPU
		{2179277E-B881-4CF1-814B-3A9C3497FD8D}.Debug|Any CPU.ActiveCfg = Debug|Any CPU
		{2179277E-B881-4CF1-814B-3A9C3497FD8D}.Debug|Any CPU.Build.0 = Debug|Any CPU
		{2179277E-B881-4CF1-814B-3A9C3497FD8D}.Release|Any CPU.ActiveCfg = Release|Any CPU
		{2179277E-B881-4CF1-814B-3A9C3497FD8D}.Release|Any CPU.Build.0 = Release|Any CPU
	EndGlobalSection
	GlobalSection(SolutionProperties) = preSolution
		HideSolutionNode = FALSE
	EndGlobalSection
EndGlobal
